
Microsoft Visual Studio Solution File, Format Version 12.00
# Visual Studio Version 17
VisualStudioVersion = 17.6.33829.357
MinimumVisualStudioVersion = 10.0.40219.1
Project("{FAE04EC0-301F-11D3-BF4B-00C04F79EFBC}") = "bai7", "bai7\bai7.csproj", "{F636B608-4E2D-432C-8101-E3D9A041BE4E}"
EndProject
Project("{FAE04EC0-301F-11D3-BF4B-00C04F79EFBC}") = "bai7.1", "bai7.2\bai7.1.csproj", "{24CA3BE1-3AF2-418F-8D62-1F191755C53D}"
EndProject
Global
	GlobalSection(SolutionConfigurationPlatforms) = preSolution
		Debug|Any CPU = Debug|Any CPU
		Release|Any CPU = Release|Any CPU
	EndGlobalSection
	GlobalSection(ProjectConfigurationPlatforms) = postSolution
		{F636B608-4E2D-432C-8101-E3D9A041BE4E}.Debug|Any CPU.ActiveCfg = Debug|Any CPU
		{F636B608-4E2D-432C-8101-E3D9A041BE4E}.Debug|Any CPU.Build.0 = Debug|Any CPU
		{F636B608-4E2D-432C-8101-E3D9A041BE4E}.Release|Any CPU.ActiveCfg = Release|Any CPU
		{F636B608-4E2D-432C-8101-E3D9A041BE4E}.Release|Any CPU.Build.0 = Release|Any CPU
		{24CA3BE1-3AF2-418F-8D62-1F191755C53D}.Debug|Any CPU.ActiveCfg = Debug|Any CPU
		{24CA3BE1-3AF2-418F-8D62-1F191755C53D}.Debug|Any CPU.Build.0 = Debug|Any CPU
		{24CA3BE1-3AF2-418F-8D62-1F191755C53D}.Release|Any CPU.ActiveCfg = Release|Any CPU
		{24CA3BE1-3AF2-418F-8D62-1F191755C53D}.Release|Any CPU.Build.0 = Release|Any CPU
	EndGlobalSection
	GlobalSection(SolutionProperties) = preSolution
		HideSolutionNode = FALSE
	EndGlobalSection
	GlobalSection(ExtensibilityGlobals) = postSolution
		SolutionGuid = {08F104F9-70C3-4059-81F4-0960F41B3537}
	EndGlobalSection
EndGlobal
