
Microsoft Visual Studio Solution File, Format Version 12.00
# Visual Studio Version 17
VisualStudioVersion = 17.6.33829.357
MinimumVisualStudioVersion = 10.0.40219.1
Project("{FAE04EC0-301F-11D3-BF4B-00C04F79EFBC}") = "bai2", "bai2\bai2.csproj", "{F7B609F3-48D5-41E5-AF0B-FC7E0478655C}"
EndProject
Global
	GlobalSection(SolutionConfigurationPlatforms) = preSolution
		Debug|Any CPU = Debug|Any CPU
		Release|Any CPU = Release|Any CPU
	EndGlobalSection
	GlobalSection(ProjectConfigurationPlatforms) = postSolution
		{F7B609F3-48D5-41E5-AF0B-FC7E0478655C}.Debug|Any CPU.ActiveCfg = Debug|Any CPU
		{F7B609F3-48D5-41E5-AF0B-FC7E0478655C}.Debug|Any CPU.Build.0 = Debug|Any CPU
		{F7B609F3-48D5-41E5-AF0B-FC7E0478655C}.Release|Any CPU.ActiveCfg = Release|Any CPU
		{F7B609F3-48D5-41E5-AF0B-FC7E0478655C}.Release|Any CPU.Build.0 = Release|Any CPU
	EndGlobalSection
	GlobalSection(SolutionProperties) = preSolution
		HideSolutionNode = FALSE
	EndGlobalSection
	GlobalSection(ExtensibilityGlobals) = postSolution
		SolutionGuid = {B35FAFF7-F749-4B3D-AF23-1FE705C1C4C2}
	EndGlobalSection
EndGlobal
